
Microsoft Visual Studio Solution File, Format Version 10.00
# Visual Studio 2008
Project("{FAE04EC0-301F-11D3-BF4B-00C04F79EFBC}") = "CSharpFormat", "CSharpFormat.csproj", "{7A17C857-F1ED-465F-A455-E0607E681F69}"
EndProject
Global
	GlobalSection(SolutionConfigurationPlatforms) = preSolution
		Debug|Any CPU = Debug|Any CPU
		Release|Any CPU = Release|Any CPU
	EndGlobalSection
	GlobalSection(ProjectConfigurationPlatforms) = postSolution
		{7A17C857-F1ED-465F-A455-E0607E681F69}.Debug|Any CPU.ActiveCfg = Debug|Any CPU
		{7A17C857-F1ED-465F-A455-E0607E681F69}.Debug|Any CPU.Build.0 = Debug|Any CPU
		{7A17C857-F1ED-465F-A455-E0607E681F69}.Release|Any CPU.ActiveCfg = Release|Any CPU
		{7A17C857-F1ED-465F-A455-E0607E681F69}.Release|Any CPU.Build.0 = Release|Any CPU
	EndGlobalSection
	GlobalSection(SolutionProperties) = preSolution
		HideSolutionNode = FALSE
	EndGlobalSection
EndGlobal
